
Microsoft Visual Studio Solution File, Format Version 12.00
# Visual Studio Version 17
VisualStudioVersion = 17.11.35327.3
MinimumVisualStudioVersion = 10.0.40219.1
Project("{FAE04EC0-301F-11D3-BF4B-00C04F79EFBC}") = "HRManagementAppFrontEnd", "HRManagementAppFrontEnd.csproj", "{AB76E873-8F2E-40E6-B917-1E803CDC2A29}"
EndProject
Global
	GlobalSection(SolutionConfigurationPlatforms) = preSolution
		Debug|Any CPU = Debug|Any CPU
		Release|Any CPU = Release|Any CPU
	EndGlobalSection
	GlobalSection(ProjectConfigurationPlatforms) = postSolution
		{AB76E873-8F2E-40E6-B917-1E803CDC2A29}.Debug|Any CPU.ActiveCfg = Debug|Any CPU
		{AB76E873-8F2E-40E6-B917-1E803CDC2A29}.Debug|Any CPU.Build.0 = Debug|Any CPU
		{AB76E873-8F2E-40E6-B917-1E803CDC2A29}.Release|Any CPU.ActiveCfg = Release|Any CPU
		{AB76E873-8F2E-40E6-B917-1E803CDC2A29}.Release|Any CPU.Build.0 = Release|Any CPU
	EndGlobalSection
	GlobalSection(SolutionProperties) = preSolution
		HideSolutionNode = FALSE
	EndGlobalSection
	GlobalSection(ExtensibilityGlobals) = postSolution
		SolutionGuid = {43FF22C1-6C29-4ADE-901A-6C1DAF50F1CA}
	EndGlobalSection
EndGlobal
